
Microsoft Visual Studio Solution File, Format Version 12.00
# Visual Studio 14
VisualStudioVersion = 14.0.25420.1
MinimumVisualStudioVersion = 10.0.40219.1
Project("{FAE04EC0-301F-11D3-BF4B-00C04F79EFBC}") = "ngCooking", "ngCooking\ngCooking.csproj", "{C54AAE19-8232-4E92-AAD0-793BC9725E36}"
EndProject
Project("{FAE04EC0-301F-11D3-BF4B-00C04F79EFBC}") = "NgCooking.BLL", "BAL\NgCooking.BLL.csproj", "{AF9CCEFF-0C6F-4EF7-952B-82A7F7DE16CC}"
EndProject
Project("{2150E333-8FDC-42A3-9474-1A3956D46DE8}") = "3-DAL", "3-DAL", "{3F0E8AAA-1B20-4129-999A-702CB9E72D88}"
EndProject
Project("{2150E333-8FDC-42A3-9474-1A3956D46DE8}") = "2-BLL", "2-BLL", "{0EA45BE6-369D-468F-9A30-D75F88236E0A}"
EndProject
Project("{2150E333-8FDC-42A3-9474-1A3956D46DE8}") = "3.1-Service", "3.1-Service", "{83F1B238-9C9B-437F-936A-4B7E2A326F92}"
EndProject
Project("{2150E333-8FDC-42A3-9474-1A3956D46DE8}") = "1-IHM", "1-IHM", "{D81BB738-CCC6-4BB2-AEAE-0620FCEC1AA4}"
EndProject
Project("{FAE04EC0-301F-11D3-BF4B-00C04F79EFBC}") = "NgCooking.Service", "NgCooking.Service\NgCooking.Service.csproj", "{E2C5BB7E-C738-427E-A711-45DE72456E05}"
EndProject
Project("{2150E333-8FDC-42A3-9474-1A3956D46DE8}") = "4-CrossCutting", "4-CrossCutting", "{003705D3-F1BF-4222-B041-6C320BADDB62}"
EndProject
Project("{FAE04EC0-301F-11D3-BF4B-00C04F79EFBC}") = "NgCooking.CrossCutting", "NgCooking.CrossCutting\NgCooking.CrossCutting.csproj", "{B68086DE-9F0F-40FC-9822-BBCA69054D15}"
EndProject
Project("{FAE04EC0-301F-11D3-BF4B-00C04F79EFBC}") = "NgCooking.DAL.Data", "NgCooking.DAL.Data\NgCooking.DAL.Data.csproj", "{93A3FA49-B782-49C4-B03E-E7D9BCE496F6}"
EndProject
Project("{FAE04EC0-301F-11D3-BF4B-00C04F79EFBC}") = "NgCooking.DAL.Entities", "NgCooking.DAL.Entities\NgCooking.DAL.Entities.csproj", "{02F0921F-F5C4-428B-BFD6-7A5BC023500B}"
EndProject
Global
	GlobalSection(SolutionConfigurationPlatforms) = preSolution
		Debug|Any CPU = Debug|Any CPU
		Release|Any CPU = Release|Any CPU
	EndGlobalSection
	GlobalSection(ProjectConfigurationPlatforms) = postSolution
		{C54AAE19-8232-4E92-AAD0-793BC9725E36}.Debug|Any CPU.ActiveCfg = Debug|Any CPU
		{C54AAE19-8232-4E92-AAD0-793BC9725E36}.Debug|Any CPU.Build.0 = Debug|Any CPU
		{C54AAE19-8232-4E92-AAD0-793BC9725E36}.Release|Any CPU.ActiveCfg = Release|Any CPU
		{C54AAE19-8232-4E92-AAD0-793BC9725E36}.Release|Any CPU.Build.0 = Release|Any CPU
		{AF9CCEFF-0C6F-4EF7-952B-82A7F7DE16CC}.Debug|Any CPU.ActiveCfg = Debug|Any CPU
		{AF9CCEFF-0C6F-4EF7-952B-82A7F7DE16CC}.Debug|Any CPU.Build.0 = Debug|Any CPU
		{AF9CCEFF-0C6F-4EF7-952B-82A7F7DE16CC}.Release|Any CPU.ActiveCfg = Release|Any CPU
		{AF9CCEFF-0C6F-4EF7-952B-82A7F7DE16CC}.Release|Any CPU.Build.0 = Release|Any CPU
		{E2C5BB7E-C738-427E-A711-45DE72456E05}.Debug|Any CPU.ActiveCfg = Debug|Any CPU
		{E2C5BB7E-C738-427E-A711-45DE72456E05}.Debug|Any CPU.Build.0 = Debug|Any CPU
		{E2C5BB7E-C738-427E-A711-45DE72456E05}.Release|Any CPU.ActiveCfg = Release|Any CPU
		{E2C5BB7E-C738-427E-A711-45DE72456E05}.Release|Any CPU.Build.0 = Release|Any CPU
		{B68086DE-9F0F-40FC-9822-BBCA69054D15}.Debug|Any CPU.ActiveCfg = Debug|Any CPU
		{B68086DE-9F0F-40FC-9822-BBCA69054D15}.Debug|Any CPU.Build.0 = Debug|Any CPU
		{B68086DE-9F0F-40FC-9822-BBCA69054D15}.Release|Any CPU.ActiveCfg = Release|Any CPU
		{B68086DE-9F0F-40FC-9822-BBCA69054D15}.Release|Any CPU.Build.0 = Release|Any CPU
		{93A3FA49-B782-49C4-B03E-E7D9BCE496F6}.Debug|Any CPU.ActiveCfg = Debug|Any CPU
		{93A3FA49-B782-49C4-B03E-E7D9BCE496F6}.Debug|Any CPU.Build.0 = Debug|Any CPU
		{93A3FA49-B782-49C4-B03E-E7D9BCE496F6}.Release|Any CPU.ActiveCfg = Release|Any CPU
		{93A3FA49-B782-49C4-B03E-E7D9BCE496F6}.Release|Any CPU.Build.0 = Release|Any CPU
		{02F0921F-F5C4-428B-BFD6-7A5BC023500B}.Debug|Any CPU.ActiveCfg = Debug|Any CPU
		{02F0921F-F5C4-428B-BFD6-7A5BC023500B}.Debug|Any CPU.Build.0 = Debug|Any CPU
		{02F0921F-F5C4-428B-BFD6-7A5BC023500B}.Release|Any CPU.ActiveCfg = Release|Any CPU
		{02F0921F-F5C4-428B-BFD6-7A5BC023500B}.Release|Any CPU.Build.0 = Release|Any CPU
	EndGlobalSection
	GlobalSection(SolutionProperties) = preSolution
		HideSolutionNode = FALSE
	EndGlobalSection
	GlobalSection(NestedProjects) = preSolution
		{C54AAE19-8232-4E92-AAD0-793BC9725E36} = {D81BB738-CCC6-4BB2-AEAE-0620FCEC1AA4}
		{AF9CCEFF-0C6F-4EF7-952B-82A7F7DE16CC} = {0EA45BE6-369D-468F-9A30-D75F88236E0A}
		{83F1B238-9C9B-437F-936A-4B7E2A326F92} = {3F0E8AAA-1B20-4129-999A-702CB9E72D88}
		{E2C5BB7E-C738-427E-A711-45DE72456E05} = {83F1B238-9C9B-437F-936A-4B7E2A326F92}
		{B68086DE-9F0F-40FC-9822-BBCA69054D15} = {003705D3-F1BF-4222-B041-6C320BADDB62}
		{93A3FA49-B782-49C4-B03E-E7D9BCE496F6} = {3F0E8AAA-1B20-4129-999A-702CB9E72D88}
		{02F0921F-F5C4-428B-BFD6-7A5BC023500B} = {3F0E8AAA-1B20-4129-999A-702CB9E72D88}
	EndGlobalSection
EndGlobal
